
Microsoft Visual Studio Solution File, Format Version 12.00
# Visual Studio Version 17
VisualStudioVersion = 17.13.35931.197 d17.13
MinimumVisualStudioVersion = 10.0.40219.1
Project("{FAE04EC0-301F-11D3-BF4B-00C04F79EFBC}") = "14_CelecaoHash", "14_CelecaoHash.csproj", "{A29491DE-7A66-4149-8017-FDA766E25E9E}"
EndProject
Global
	GlobalSection(SolutionConfigurationPlatforms) = preSolution
		Debug|Any CPU = Debug|Any CPU
		Release|Any CPU = Release|Any CPU
	EndGlobalSection
	GlobalSection(ProjectConfigurationPlatforms) = postSolution
		{A29491DE-7A66-4149-8017-FDA766E25E9E}.Debug|Any CPU.ActiveCfg = Debug|Any CPU
		{A29491DE-7A66-4149-8017-FDA766E25E9E}.Debug|Any CPU.Build.0 = Debug|Any CPU
		{A29491DE-7A66-4149-8017-FDA766E25E9E}.Release|Any CPU.ActiveCfg = Release|Any CPU
		{A29491DE-7A66-4149-8017-FDA766E25E9E}.Release|Any CPU.Build.0 = Release|Any CPU
	EndGlobalSection
	GlobalSection(SolutionProperties) = preSolution
		HideSolutionNode = FALSE
	EndGlobalSection
	GlobalSection(ExtensibilityGlobals) = postSolution
		SolutionGuid = {B4B14C61-38EA-4F74-A965-CB36B92D0F53}
	EndGlobalSection
EndGlobal
